<?xml version="1.0" encoding="UTF-8" standalone="yes" ?>
<CodeBlocks_project_file>
	<FileVersion major="1" minor="6" />
	<Project>
		<Option title="RLOTTO2" />
		<Option pch_mode="2" />
		<Option compiler="gcc" />
		<Build>
			<Target title="Release">
				<Option output="bin/Release/rlotto" prefix_auto="1" extension_auto="1" />
				<Option object_output="obj/Release/" />
				<Option type="1" />
				<Option compiler="gcc" />
				<Compiler>
					<Add option="-O2" />
				</Compiler>
				<Linker>
					<Add option="-s" />
				</Linker>
			</Target>
		</Build>
		<Compiler>
			<Add option="-Wall" />
		</Compiler>
		<Unit filename="rlotto.c">
			<Option compilerVar="CC" />
		</Unit>
		<Unit filename="rlotto.h" />
		<Unit filename="settings.c">
			<Option compilerVar="CC" />
		</Unit>
		<Unit filename="t_add.c">
			<Option compilerVar="CC" />
		</Unit>
		<Unit filename="t_common.c">
			<Option compilerVar="CC" />
		</Unit>
		<Unit filename="t_delete.c">
			<Option compilerVar="CC" />
		</Unit>
		<Unit filename="t_evaluate.c">
			<Option compilerVar="CC" />
		</Unit>
		<Unit filename="t_select.c">
			<Option compilerVar="CC" />
		</Unit>
		<Unit filename="version.h" />
		<Extensions>
			<code_completion />
			<envvars />
			<debugger />
		</Extensions>
	</Project>
</CodeBlocks_project_file>
